
Microsoft Visual Studio Solution File, Format Version 12.00
# Visual Studio Version 17
VisualStudioVersion = 17.8.34309.116
MinimumVisualStudioVersion = 10.0.40219.1
Project("{FAE04EC0-301F-11D3-BF4B-00C04F79EFBC}") = "FixtureFetcherService", "FixtureFetcherService\FixtureFetcherService.csproj", "{1A8E83EE-BC44-4C39-961D-7FC0725D84E1}"
EndProject
Global
	GlobalSection(SolutionConfigurationPlatforms) = preSolution
		Debug|Any CPU = Debug|Any CPU
		Release|Any CPU = Release|Any CPU
	EndGlobalSection
	GlobalSection(ProjectConfigurationPlatforms) = postSolution
		{1A8E83EE-BC44-4C39-961D-7FC0725D84E1}.Debug|Any CPU.ActiveCfg = Debug|Any CPU
		{1A8E83EE-BC44-4C39-961D-7FC0725D84E1}.Debug|Any CPU.Build.0 = Debug|Any CPU
		{1A8E83EE-BC44-4C39-961D-7FC0725D84E1}.Release|Any CPU.ActiveCfg = Release|Any CPU
		{1A8E83EE-BC44-4C39-961D-7FC0725D84E1}.Release|Any CPU.Build.0 = Release|Any CPU
	EndGlobalSection
	GlobalSection(SolutionProperties) = preSolution
		HideSolutionNode = FALSE
	EndGlobalSection
	GlobalSection(ExtensibilityGlobals) = postSolution
		SolutionGuid = {3C4FF777-2176-4370-BBC4-3998E899B3D7}
	EndGlobalSection
EndGlobal
